
Microsoft Visual Studio Solution File, Format Version 12.00
# Visual Studio Version 17
VisualStudioVersion = 17.0.31912.275
MinimumVisualStudioVersion = 10.0.40219.1
Project("{FAE04EC0-301F-11D3-BF4B-00C04F79EFBC}") = "AddresssBook", "AddresssBook\AddresssBook.csproj", "{F0553D88-35F2-4649-9B45-8F4449C14F00}"
EndProject
Global
	GlobalSection(SolutionConfigurationPlatforms) = preSolution
		Debug|Any CPU = Debug|Any CPU
		Release|Any CPU = Release|Any CPU
	EndGlobalSection
	GlobalSection(ProjectConfigurationPlatforms) = postSolution
		{F0553D88-35F2-4649-9B45-8F4449C14F00}.Debug|Any CPU.ActiveCfg = Debug|Any CPU
		{F0553D88-35F2-4649-9B45-8F4449C14F00}.Debug|Any CPU.Build.0 = Debug|Any CPU
		{F0553D88-35F2-4649-9B45-8F4449C14F00}.Release|Any CPU.ActiveCfg = Release|Any CPU
		{F0553D88-35F2-4649-9B45-8F4449C14F00}.Release|Any CPU.Build.0 = Release|Any CPU
	EndGlobalSection
	GlobalSection(SolutionProperties) = preSolution
		HideSolutionNode = FALSE
	EndGlobalSection
	GlobalSection(ExtensibilityGlobals) = postSolution
		SolutionGuid = {69F5E921-864B-4D4B-8D36-EA60AF7FC6E2}
	EndGlobalSection
EndGlobal
